version = 1
revision = 3
requires-python = ">=3.11"

[[package]]
name = "anyio"
version = "4.13.0"
source = { registry = "https://pypi.org/simple" }
dependencies = [
    { name = "idna" },
    { name = "typing-extensions", marker = "python_full_version < '3.13'" },
]
sdist = { url = "https://files.pythonhosted.org/packages/19/14/2c5dd9f512b66549ae92767a9c7b330ae88e1932ca57876909410251fe13/anyio-4.13.0.tar.gz", hash = "sha256:334b70e641fd2221c1505b3890c69882fe4a2df910cba14d97019b90b24439dc", size = 231622, upload-time = "2026-03-24T12:59:09.671Z" }
wheels = [
    { url = "https://files.pythonhosted.org/packages/da/42/e921fccf5015463e32a3cf6ee7f980a6ed0f395ceeaa45060b61d86486c2/anyio-4.13.0-py3-none-any.whl", hash = "sha256:08b310f9e24a9594186fd75b4f73f4a4152069e3853f1ed8bfbf58369f4ad708", size = 114353, upload-time = "2026-03-24T12:59:08.246Z" },
]

[[package]]
name = "certifi"
version = "2026.4.22"
source = { registry = "https://pypi.org/simple" }
sdist = { url = "https://files.pythonhosted.org/packages/25/ee/6caf7a40c36a1220410afe15a1cc64993a1f864871f698c0f93acb72842a/certifi-2026.4.22.tar.gz", hash = "sha256:8d455352a37b71bf76a79caa83a3d6c25afee4a385d632127b6afb3963f1c580", size = 137077, upload-time = "2026-04-22T11:26:11.191Z" }
wheels = [
    { url = "https://files.pythonhosted.org/packages/22/30/7cd8fdcdfbc5b869528b079bfb76dcdf6056b1a2097a662e5e8c04f42965/certifi-2026.4.22-py3-none-any.whl", hash = "sha256:3cb2210c8f88ba2318d29b0388d1023c8492ff72ecdde4ebdaddbb13a31b1c4a", size = 135707, upload-time = "2026-04-22T11:26:09.372Z" },
]

[[package]]
name = "greenlet"
version = "3.5.0"
source = { registry = "https://pypi.org/simple" }
sdist = { url = "https://files.pythonhosted.org/packages/3c/3f/dbf99fb14bfeb88c28f16729215478c0e265cacd6dc22270c8f31bb6892f/greenlet-3.5.0.tar.gz", hash = "sha256:d419647372241bc68e957bf38d5c1f98852155e4146bd1e4121adea81f4f01e4", size = 196995, upload-time = "2026-04-27T13:37:15.544Z" }
wheels = [
    { url = "https://files.pythonhosted.org/packages/8b/0f/a91f143f356523ff682309732b175765a9bc2836fd7c081c2c67fedc1ad4/greenlet-3.5.0-cp311-cp311-macosx_11_0_universal2.whl", hash = "sha256:8f1cc966c126639cd152fdaa52624d2655f492faa79e013fea161de3e6dda082", size = 284726, upload-time = "2026-04-27T12:20:51.402Z" },
    { url = "https://files.pythonhosted.org/packages/95/82/800646c7ffc5dbabd75ddd2f6b519bb898c0c9c969e5d0473bfe5d20bcce/greenlet-3.5.0-cp311-cp311-manylinux_2_24_aarch64.manylinux_2_28_aarch64.whl", hash = "sha256:362624e6a8e5bca3b8233e45eef33903a100e9539a2b995c364d595dbc4018b3", size = 604264, upload-time = "2026-04-27T12:52:39.494Z" },
    { url = "https://files.pythonhosted.org/packages/ca/ac/354867c0bba812fc33b15bc55aedafedd0aee3c7dd91dfca22444157dc0c/greenlet-3.5.0-cp311-cp311-manylinux_2_24_ppc64le.manylinux_2_28_ppc64le.whl", hash = "sha256:5ecd83806b0f4c2f53b1018e0005cd82269ea01d42befc0368730028d850ed1c", size = 616099, upload-time = "2026-04-27T12:59:39.623Z" },
    { url = "https://files.pythonhosted.org/packages/c9/ab/192090c4a5b30df148c22bf4b8895457d739a7c7c5a7b9c41e5dd7f537f2/greenlet-3.5.0-cp311-cp311-manylinux_2_24_s390x.manylinux_2_28_s390x.whl", hash = "sha256:fa94cb2288681e3a11645958f1871d48ee9211bd2f66628fdace505927d6e564", size = 623976, upload-time = "2026-04-27T13:02:37.363Z" },
    { url = "https://files.pythonhosted.org/packages/ff/b0/815bece7399e01cadb69014219eebd0042339875c59a59b0820a46ece356/greenlet-3.5.0-cp311-cp311-manylinux_2_24_x86_64.manylinux_2_28_x86_64.whl", hash = "sha256:0ff251e9a0279522e62f6176412869395a64ddf2b5c5f782ff609a8216a4e662", size = 615198, upload-time = "2026-04-27T12:25:25.928Z" },
    { url = "https://files.pythonhosted.org/packages/24/11/05eb2b9b188c6df7d68a89c99134d644a7af616a40b9808e8e6ced315d5d/greenlet-3.5.0-cp311-cp311-manylinux_2_39_riscv64.whl", hash = "sha256:64d6ac45f7271f48e45f67c95b54ef73534c52ec041fcda8edf520c6d811f4bc", size = 418379, upload-time = "2026-04-27T13:05:12.755Z" },
    { url = "https://files.pythonhosted.org/packages/10/80/3b2c0a895d6698f6ddb31b07942ebfa982f3e30888bc5546a5b5990de8b2/greenlet-3.5.0-cp311-cp311-musllinux_1_2_aarch64.whl", hash = "sha256:6d874e79afd41a96e11ff4c5d0bc90a80973e476fda1c2c64985667397df432b", size = 1574927, upload-time = "2026-04-27T12:53:25.81Z" },
    { url = "https://files.pythonhosted.org/packages/44/0e/f354af514a4c61454dbc68e44d47544a5a4d6317e30b77ddfa3a09f4c5f3/greenlet-3.5.0-cp311-cp311-musllinux_1_2_x86_64.whl", hash = "sha256:0ed006e4b86c59de7467eb2601cd1b77b5a7d657d1ee55e30fe30d76451edba4", size = 1642683, upload-time = "2026-04-27T12:25:23.9Z" },
    { url = "https://files.pythonhosted.org/packages/fa/6a/87f38255201e993a1915265ebb80cd7c2c78b04a45744995abbf6b259fd8/greenlet-3.5.0-cp311-cp311-win_amd64.whl", hash = "sha256:703cb211b820dbffbbc55a16bfc6e4583a6e6e990f33a119d2cc8b83211119c8", size = 238115, upload-time = "2026-04-27T12:21:48.845Z" },
    { url = "https://files.pythonhosted.org/packages/e3/f8/450fe3c5938fa737ea4d22699772e6e34e8e24431a47bf4e8a1ceed4a98e/greenlet-3.5.0-cp311-cp311-win_arm64.whl", hash = "sha256:6c18dfb59c70f5a94acd271c72e90128c3c776e41e5f07767908c8c1b74ad339", size = 235017, upload-time = "2026-04-27T12:22:26.768Z" },
    { url = "https://files.pythonhosted.org/packages/ef/32/f2ce6d4cac3e55bc6173f92dbe627e782e1850f89d986c3606feb63aafa7/greenlet-3.5.0-cp312-cp312-macosx_11_0_universal2.whl", hash = "sha256:db2910d3c809444e0a20147361f343fe2798e106af8d9d8506f5305302655a9f", size = 286228, upload-time = "2026-04-27T12:20:34.421Z" },
    { url = "https://files.pythonhosted.org/packages/b7/aa/caed9e5adf742315fc7be2a84196373aab4816e540e38ba0d76cb7584d68/greenlet-3.5.0-cp312-cp312-manylinux_2_24_aarch64.manylinux_2_28_aarch64.whl", hash = "sha256:3ec9ea74e7268ace7f9aab1b1a4e730193fc661b39a993cd91c606c32d4a3628", size = 601775, upload-time = "2026-04-27T12:52:41.045Z" },
    { url = "https://files.pythonhosted.org/packages/c7/af/90ae08497400a941595d12774447f752d3dfe0fbb012e35b76bc5c0ff37e/greenlet-3.5.0-cp312-cp312-manylinux_2_24_ppc64le.manylinux_2_28_ppc64le.whl", hash = "sha256:54d243512da35485fc7a6bf3c178fdda6327a9d6506fcdd62b1abd1e41b2927b", size = 614436, upload-time = "2026-04-27T12:59:41.595Z" },
    { url = "https://files.pythonhosted.org/packages/3f/e9/4eeadf8cb3403ac274245ba75f07844abc7fa5f6787583fc9156ba741e0f/greenlet-3.5.0-cp312-cp312-manylinux_2_24_s390x.manylinux_2_28_s390x.whl", hash = "sha256:41353ec2ecedf7aa8f682753a41919f8718031a6edac46b8d3dc7ed9e1ceb136", size = 620610, upload-time = "2026-04-27T13:02:39.194Z" },
    { url = "https://files.pythonhosted.org/packages/2b/e0/2e13df68f367e2f9960616927d60857dd7e56aaadd59a47c644216b2f920/greenlet-3.5.0-cp312-cp312-manylinux_2_24_x86_64.manylinux_2_28_x86_64.whl", hash = "sha256:9d280a7f5c331622c69f97eb167f33577ff2d1df282c41cd15907fc0a3ca198c", size = 611388, upload-time = "2026-04-27T12:25:28.008Z" },
    { url = "https://files.pythonhosted.org/packages/ee/ef/f913b3c0eb7d26d86a2401c5e1546c9d46b657efee724b06f6f4ac5d8824/greenlet-3.5.0-cp312-cp312-manylinux_2_39_riscv64.whl", hash = "sha256:58c1c374fe2b3d852f9b6b11a7dff4c85404e51b9a596fd9e89cf904eb09866d", size = 422775, upload-time = "2026-04-27T13:05:14.261Z" },
    { url = "https://files.pythonhosted.org/packages/82/f7/393c64055132ac0d488ef6be549253b7e6274194863967ddc0bc8f5b87b8/greenlet-3.5.0-cp312-cp312-musllinux_1_2_aarch64.whl", hash = "sha256:1eb67d5adefb5bd2e182d42678a328979a209e4e82eb93575708185d31d1f588", size = 1570768, upload-time = "2026-04-27T12:53:28.099Z" },
    { url = "https://files.pythonhosted.org/packages/b8/4b/eaf7735253522cf56d1b74d672a58f54fc114702ceaf05def59aae72f6e1/greenlet-3.5.0-cp312-cp312-musllinux_1_2_x86_64.whl", hash = "sha256:2628d6c86f6cb0cb45e0c3c54058bbec559f57eaae699447748cb3928150577e", size = 1635983, upload-time = "2026-04-27T12:25:26.903Z" },
    { url = "https://files.pythonhosted.org/packages/4c/fe/4fb3a0805bd5165da5ebf858da7cc01cce8061674106d2cf5bdab32cbfde/greenlet-3.5.0-cp312-cp312-win_amd64.whl", hash = "sha256:d4d9f0624c775f2dfc56ba54d515a8c771044346852a918b405914f6b19d7fd8", size = 238840, upload-time = "2026-04-27T12:23:54.806Z" },
    { url = "https://files.pythonhosted.org/packages/cb/cb/baa584cb00532126ffe12d9787db0a60c5a4f55c27bfe2666df5d4c30a32/greenlet-3.5.0-cp312-cp312-win_arm64.whl", hash = "sha256:83ed9f27f1680b50e89f40f6df348a290ea234b249a4003d366663a12eab94f2", size = 235615, upload-time = "2026-04-27T12:21:38.57Z" },
    { url = "https://files.pythonhosted.org/packages/0c/58/fc576f99037ce19c5aa16628e4c3226b6d1419f72a62c79f5f40576e6eb3/greenlet-3.5.0-cp313-cp313-macosx_11_0_universal2.whl", hash = "sha256:5a5ed18de6a0f6cc7087f1563f6bd93fc7df1c19165ca01e9bde5a5dc281d106", size = 285066, upload-time = "2026-04-27T12:23:05.033Z" },
    { url = "https://files.pythonhosted.org/packages/4a/ba/b28ddbe6bfad6a8ac196ef0e8cff37bc65b79735995b9e410923fffeeb70/greenlet-3.5.0-cp313-cp313-manylinux_2_24_aarch64.manylinux_2_28_aarch64.whl", hash = "sha256:3a717fbc46d8a354fa675f7c1e813485b6ba3885f9bef0cd56e5ba27d758ff5b", size = 604414, upload-time = "2026-04-27T12:52:42.358Z" },
    { url = "https://files.pythonhosted.org/packages/09/06/4b69f8f0b67603a8be2790e55107a190b376f2627fe0eaf5695d85ffb3cd/greenlet-3.5.0-cp313-cp313-manylinux_2_24_ppc64le.manylinux_2_28_ppc64le.whl", hash = "sha256:ddc090c5c1792b10246a78e8c2163ebbe04cf877f9d785c230a7b27b39ad038e", size = 617349, upload-time = "2026-04-27T12:59:43.32Z" },
    { url = "https://files.pythonhosted.org/packages/6a/15/a643b4ecd09969e30b8a150d5919960caae0abe4f5af75ab040b1ab85e78/greenlet-3.5.0-cp313-cp313-manylinux_2_24_s390x.manylinux_2_28_s390x.whl", hash = "sha256:4964101b8585c144cbda5532b1aa644255126c08a265dae90c16e7a0e63aaa9d", size = 623234, upload-time = "2026-04-27T13:02:40.611Z" },
    { url = "https://files.pythonhosted.org/packages/8a/17/a3918541fd0ddefe024a69de6d16aa7b46d36ac19562adaa63c7fa180eff/greenlet-3.5.0-cp313-cp313-manylinux_2_24_x86_64.manylinux_2_28_x86_64.whl", hash = "sha256:2094acd54b272cb6eae8c03dd87b3fa1820a4cef18d6889c378d503500a1dc13", size = 613927, upload-time = "2026-04-27T12:25:30.28Z" },
    { url = "https://files.pythonhosted.org/packages/77/18/3b13d5ef1275b0ffaf933b05efa21408ac4ca95823c7411d79682e4fdcff/greenlet-3.5.0-cp313-cp313-manylinux_2_39_riscv64.whl", hash = "sha256:7022615368890680e67b9965d33f5773aade330d5343bbe25560135aaa849eae", size = 425243, upload-time = "2026-04-27T13:05:15.689Z" },
    { url = "https://files.pythonhosted.org/packages/ee/e1/bd0af6213c7dd33175d8a462d4c1fe1175124ebed4855bc1475a5b5242c2/greenlet-3.5.0-cp313-cp313-musllinux_1_2_aarch64.whl", hash = "sha256:5e05ba267789ea87b5a155cf0e810b1ab88bf18e9e8740813945ceb8ee4350ba", size = 1570893, upload-time = "2026-04-27T12:53:29.483Z" },
    { url = "https://files.pythonhosted.org/packages/9b/2a/0789702f864f5382cb476b93d7a9c823c10472658102ccd65f415747d2e2/greenlet-3.5.0-cp313-cp313-musllinux_1_2_x86_64.whl", hash = "sha256:0ecec963079cd58cbd14723582384f11f166fd58883c15dcbfb342e0bc9b5846", size = 1636060, upload-time = "2026-04-27T12:25:28.845Z" },
    { url = "https://files.pythonhosted.org/packages/b2/8f/22bf9df92bbff0eb07842b60f7e63bf7675a9742df628437a9f02d09137f/greenlet-3.5.0-cp313-cp313-win_amd64.whl", hash = "sha256:728d9667d8f2f586644b748dbd9bb67e50d6a9381767d1357714ea6825bb3bf5", size = 238740, upload-time = "2026-04-27T12:24:01.341Z" },
    { url = "https://files.pythonhosted.org/packages/b6/b7/9c5c3d653bd4ff614277c049ac676422e2c557db47b4fe43e6313fc005dc/greenlet-3.5.0-cp313-cp313-win_arm64.whl", hash = "sha256:47422135b1d308c14b2c6e758beedb1acd33bb91679f5670edf77bf46244722b", size = 235525, upload-time = "2026-04-27T12:23:12.308Z" },
    { url = "https://files.pythonhosted.org/packages/94/5e/a70f31e3e8d961c4ce589c15b28e4225d63704e431a23932a3808cbcc867/greenlet-3.5.0-cp314-cp314-macosx_11_0_universal2.whl", hash = "sha256:f35807464c4c58c55f0d31dfa83c541a5615d825c2fe3d2b95360cf7c4e3c0a8", size = 285564, upload-time = "2026-04-27T12:23:08.555Z" },
    { url = "https://files.pythonhosted.org/packages/af/a6/046c0a28e21833e4086918218cfb3d8bed51c075a1b700f20b9d7861c0f4/greenlet-3.5.0-cp314-cp314-manylinux_2_24_aarch64.manylinux_2_28_aarch64.whl", hash = "sha256:55fa7ea52771be44af0de27d8b80c02cd18c2c3cddde6c847ecebdf72418b6a1", size = 651166, upload-time = "2026-04-27T12:52:43.644Z" },
    { url = "https://files.pythonhosted.org/packages/47/f8/4af27f71c5ff32a7fbc516adb46370d9c4ae2bc7bd3dc7d066ac542b4b15/greenlet-3.5.0-cp314-cp314-manylinux_2_24_ppc64le.manylinux_2_28_ppc64le.whl", hash = "sha256:a97e4821aa710603f94de0da25f25096454d78ffdace5dc77f3a006bc01abba3", size = 663792, upload-time = "2026-04-27T12:59:44.93Z" },
    { url = "https://files.pythonhosted.org/packages/fb/89/2dadb89793c37ee8b4c237857188293e9060dc085f19845c292e00f8e091/greenlet-3.5.0-cp314-cp314-manylinux_2_24_s390x.manylinux_2_28_s390x.whl", hash = "sha256:bf2d8a80bec89ab46221ae45c5373d5ba0bd36c19aa8508e85c6cd7e5106cd37", size = 668086, upload-time = "2026-04-27T13:02:42.314Z" },
    { url = "https://files.pythonhosted.org/packages/a3/59/1bd6d7428d6ed9106efbb8c52310c60fd04f6672490f452aeaa3829aa436/greenlet-3.5.0-cp314-cp314-manylinux_2_24_x86_64.manylinux_2_28_x86_64.whl", hash = "sha256:8f52a464e4ed91780bdfbbdd2b97197f3accaa629b98c200f4dffada759f3ae7", size = 660933, upload-time = "2026-04-27T12:25:33.276Z" },
    { url = "https://files.pythonhosted.org/packages/82/35/75722be7e26a2af4cbd2dc35b0ed382dacf9394b7e75551f76ed1abe87f2/greenlet-3.5.0-cp314-cp314-manylinux_2_39_riscv64.whl", hash = "sha256:1bae92a1dd94c5f9d9493c3a212dd874c202442047cf96446412c862feca83a2", size = 470799, upload-time = "2026-04-27T13:05:17.094Z" },
    { url = "https://files.pythonhosted.org/packages/83/e4/b903e5a5fae1e8a28cdd32a0cfbfd560b668c25b692f67768822ddc5f40f/greenlet-3.5.0-cp314-cp314-musllinux_1_2_aarch64.whl", hash = "sha256:762612baf1161ccb8437c0161c668a688223cba28e1bf038f4eb47b13e39ccdf", size = 1618401, upload-time = "2026-04-27T12:53:31.062Z" },
    { url = "https://files.pythonhosted.org/packages/0e/e3/5ec408a329acb854fb607a122e1ee5fb3ff649f9a97952948a90803c0d8e/greenlet-3.5.0-cp314-cp314-musllinux_1_2_x86_64.whl", hash = "sha256:57a43c6079a89713522bc4bcb9f75070ecf5d3dbad7792bfe42239362cbf2a16", size = 1682038, upload-time = "2026-04-27T12:25:31.838Z" },
    { url = "https://files.pythonhosted.org/packages/91/20/6b165108058767ee643c55c5c4904d591a830ee2b3c7dbd359828fbc829f/greenlet-3.5.0-cp314-cp314-win_amd64.whl", hash = "sha256:3bc59be3945ae9750b9e7d45067d01ae3fe90ea5f9ade99239dabdd6e28a5033", size = 239835, upload-time = "2026-04-27T12:24:54.136Z" },
    { url = "https://files.pythonhosted.org/packages/4e/62/1c498375cee177b55d980c1db319f26470e5309e54698c8f8fc06c0fd539/greenlet-3.5.0-cp314-cp314-win_arm64.whl", hash = "sha256:a96fcee45e03fe30a62669fd16ab5c9d3c172660d3085605cb1e2d1280d3c988", size = 236862, upload-time = "2026-04-27T12:23:24.957Z" },
    { url = "https://files.pythonhosted.org/packages/78/a8/4522939255bb5409af4e87132f915446bf3622c2c292d14d3c38d128ae82/greenlet-3.5.0-cp314-cp314t-macosx_11_0_universal2.whl", hash = "sha256:a10a732421ab4fec934783ce3e54763470d0181db6e3468f9103a275c3ed1853", size = 293614, upload-time = "2026-04-27T12:24:12.874Z" },
    { url = "https://files.pythonhosted.org/packages/15/5e/8744c52e2c027b5a8772a01561934c8835f869733e101f62075c60430340/greenlet-3.5.0-cp314-cp314t-manylinux_2_24_aarch64.manylinux_2_28_aarch64.whl", hash = "sha256:7fc391b1566f2907d17aaebe78f8855dc45675159a775fcf9e61f8ee0078e87f", size = 650723, upload-time = "2026-04-27T12:52:45.412Z" },
    { url = "https://files.pythonhosted.org/packages/00/ef/7b4c39c03cf46ceca512c5d3f914afd85aa30b2cc9a93015b0dd73e4be6c/greenlet-3.5.0-cp314-cp314t-manylinux_2_24_ppc64le.manylinux_2_28_ppc64le.whl", hash = "sha256:680bd0e7ad5e8daa8a4aa89f68fd6adc834b8a8036dc256533f7e08f4a4b01f7", size = 656529, upload-time = "2026-04-27T12:59:46.295Z" },
    { url = "https://files.pythonhosted.org/packages/5f/5c/0602239503b124b70e39355cbdb39361ecfe65b87a5f2f63752c32f5286f/greenlet-3.5.0-cp314-cp314t-manylinux_2_24_s390x.manylinux_2_28_s390x.whl", hash = "sha256:1aa4ce8debcd4ea7fb2e150f3036588c41493d1d52c43538924ae1819003f4ce", size = 657015, upload-time = "2026-04-27T13:02:43.973Z" },
    { url = "https://files.pythonhosted.org/packages/0b/b5/c7768f352f5c010f92064d0063f987e7dc0cd290a6d92a34109015ce4aa1/greenlet-3.5.0-cp314-cp314t-manylinux_2_24_x86_64.manylinux_2_28_x86_64.whl", hash = "sha256:ddb36c7d6c9c0a65f18c7258634e0c416c6ab59caac8c987b96f80c2ebda0112", size = 654364, upload-time = "2026-04-27T12:25:35.64Z" },
    { url = "https://files.pythonhosted.org/packages/38/51/8699f865f125dc952384cb432b0f7138aa4d8f2969a7d12d0df5b94d054d/greenlet-3.5.0-cp314-cp314t-manylinux_2_39_riscv64.whl", hash = "sha256:728a73687e39ae9ca34e4694cbf2f049d3fbc7174639468d0f67200a97d8f9e2", size = 488275, upload-time = "2026-04-27T13:05:18.28Z" },
    { url = "https://files.pythonhosted.org/packages/ef/d0/079ebe12e4b1fc758857ce5be1a5e73f06870f2101e52611d1e71925ce54/greenlet-3.5.0-cp314-cp314t-musllinux_1_2_aarch64.whl", hash = "sha256:e5ddf316ced87539144621453c3aef229575825fe60c604e62bedc4003f372b2", size = 1614204, upload-time = "2026-04-27T12:53:32.618Z" },
    { url = "https://files.pythonhosted.org/packages/6d/89/6c2fb63df3596552d20e58fb4d96669243388cf680cff222758812c7bfaa/greenlet-3.5.0-cp314-cp314t-musllinux_1_2_x86_64.whl", hash = "sha256:4a448128607be0de65342dc9b31be7f948ef4cc0bc8832069350abefd310a8f2", size = 1675480, upload-time = "2026-04-27T12:25:34.168Z" },
    { url = "https://files.pythonhosted.org/packages/15/32/77ee8a6c1564fc345a491a4e85b3bf360e4cf26eac98c4532d2fdb96e01f/greenlet-3.5.0-cp314-cp314t-win_amd64.whl", hash = "sha256:d60097128cb0a1cab9ea541186ea13cd7b847b8449a7787c2e2350da0cb82d86", size = 245324, upload-time = "2026-04-27T12:24:40.295Z" },
]

[[package]]
name = "h11"
version = "0.16.0"
source = { registry = "https://pypi.org/simple" }
sdist = { url = "https://files.pythonhosted.org/packages/01/ee/02a2c011bdab74c6fb3c75474d40b3052059d95df7e73351460c8588d963/h11-0.16.0.tar.gz", hash = "sha256:4e35b956cf45792e4caa5885e69fba00bdbc6ffafbfa020300e549b208ee5ff1", size = 101250, upload-time = "2025-04-24T03:35:25.427Z" }
wheels = [
    { url = "https://files.pythonhosted.org/packages/04/4b/29cac41a4d98d144bf5f6d33995617b185d14b22401f75ca86f384e87ff1/h11-0.16.0-py3-none-any.whl", hash = "sha256:63cf8bbe7522de3bf65932fda1d9c2772064ffb3dae62d55932da54b31cb6c86", size = 37515, upload-time = "2025-04-24T03:35:24.344Z" },
]

[[package]]
name = "h2"
version = "4.3.0"
source = { registry = "https://pypi.org/simple" }
dependencies = [
    { name = "hpack" },
    { name = "hyperframe" },
]
sdist = { url = "https://files.pythonhosted.org/packages/1d/17/afa56379f94ad0fe8defd37d6eb3f89a25404ffc71d4d848893d270325fc/h2-4.3.0.tar.gz", hash = "sha256:6c59efe4323fa18b47a632221a1888bd7fde6249819beda254aeca909f221bf1", size = 2152026, upload-time = "2025-08-23T18:12:19.778Z" }
wheels = [
    { url = "https://files.pythonhosted.org/packages/69/b2/119f6e6dcbd96f9069ce9a2665e0146588dc9f88f29549711853645e736a/h2-4.3.0-py3-none-any.whl", hash = "sha256:c438f029a25f7945c69e0ccf0fb951dc3f73a5f6412981daee861431b70e2bdd", size = 61779, upload-time = "2025-08-23T18:12:17.779Z" },
]

[[package]]
name = "hpack"
version = "4.1.0"
source = { registry = "https://pypi.org/simple" }
sdist = { url = "https://files.pythonhosted.org/packages/2c/48/71de9ed269fdae9c8057e5a4c0aa7402e8bb16f2c6e90b3aa53327b113f8/hpack-4.1.0.tar.gz", hash = "sha256:ec5eca154f7056aa06f196a557655c5b009b382873ac8d1e66e79e87535f1dca", size = 51276, upload-time = "2025-01-22T21:44:58.347Z" }
wheels = [
    { url = "https://files.pythonhosted.org/packages/07/c6/80c95b1b2b94682a72cbdbfb85b81ae2daffa4291fbfa1b1464502ede10d/hpack-4.1.0-py3-none-any.whl", hash = "sha256:157ac792668d995c657d93111f46b4535ed114f0c9c8d672271bbec7eae1b496", size = 34357, upload-time = "2025-01-22T21:44:56.92Z" },
]

[[package]]
name = "httpcore"
version = "1.0.9"
source = { registry = "https://pypi.org/simple" }
dependencies = [
    { name = "certifi" },
    { name = "h11" },
]
sdist = { url = "https://files.pythonhosted.org/packages/06/94/82699a10bca87a5556c9c59b5963f2d039dbd239f25bc2a63907a05a14cb/httpcore-1.0.9.tar.gz", hash = "sha256:6e34463af53fd2ab5d807f399a9b45ea31c3dfa2276f15a2c3f00afff6e176e8", size = 85484, upload-time = "2025-04-24T22:06:22.219Z" }
wheels = [
    { url = "https://files.pythonhosted.org/packages/7e/f5/f66802a942d491edb555dd61e3a9961140fd64c90bce1eafd741609d334d/httpcore-1.0.9-py3-none-any.whl", hash = "sha256:2d400746a40668fc9dec9810239072b40b4484b640a8c38fd654a024c7a1bf55", size = 78784, upload-time = "2025-04-24T22:06:20.566Z" },
]

[[package]]
name = "httpx"
version = "0.28.1"
source = { registry = "https://pypi.org/simple" }
dependencies = [
    { name = "anyio" },
    { name = "certifi" },
    { name = "httpcore" },
    { name = "idna" },
]
sdist = { url = "https://files.pythonhosted.org/packages/b1/df/48c586a5fe32a0f01324ee087459e112ebb7224f646c0b5023f5e79e9956/httpx-0.28.1.tar.gz", hash = "sha256:75e98c5f16b0f35b567856f597f06ff2270a374470a5c2392242528e3e3e42fc", size = 141406, upload-time = "2024-12-06T15:37:23.222Z" }
wheels = [
    { url = "https://files.pythonhosted.org/packages/2a/39/e50c7c3a983047577ee07d2a9e53faf5a69493943ec3f6a384bdc792deb2/httpx-0.28.1-py3-none-any.whl", hash = "sha256:d909fcccc110f8c7faf814ca82a9a4d816bc5a6dbfea25d6591d6985b8ba59ad", size = 73517, upload-time = "2024-12-06T15:37:21.509Z" },
]

[package.optional-dependencies]
http2 = [
    { name = "h2" },
]

[[package]]
name = "hyperframe"
version = "6.1.0"
source = { registry = "https://pypi.org/simple" }
sdist = { url = "https://files.pythonhosted.org/packages/02/e7/94f8232d4a74cc99514c13a9f995811485a6903d48e5d952771ef6322e30/hyperframe-6.1.0.tar.gz", hash = "sha256:f630908a00854a7adeabd6382b43923a4c4cd4b821fcb527e6ab9e15382a3b08", size = 26566, upload-time = "2025-01-22T21:41:49.302Z" }
wheels = [
    { url = "https://files.pythonhosted.org/packages/48/30/47d0bf6072f7252e6521f3447ccfa40b421b6824517f82854703d0f5a98b/hyperframe-6.1.0-py3-none-any.whl", hash = "sha256:b03380493a519fce58ea5af42e4a42317bf9bd425596f7a0835ffce80f1a42e5", size = 13007, upload-time = "2025-01-22T21:41:47.295Z" },
]

[[package]]
name = "idna"
version = "3.13"
source = { registry = "https://pypi.org/simple" }
sdist = { url = "https://files.pythonhosted.org/packages/ce/cc/762dfb036166873f0059f3b7de4565e1b5bc3d6f28a414c13da27e442f99/idna-3.13.tar.gz", hash = "sha256:585ea8fe5d69b9181ec1afba340451fba6ba764af97026f92a91d4eef164a242", size = 194210, upload-time = "2026-04-22T16:42:42.314Z" }
wheels = [
    { url = "https://files.pythonhosted.org/packages/5d/13/ad7d7ca3808a898b4612b6fe93cde56b53f3034dcde235acb1f0e1df24c6/idna-3.13-py3-none-any.whl", hash = "sha256:892ea0cde124a99ce773decba204c5552b69c3c67ffd5f232eb7696135bc8bb3", size = 68629, upload-time = "2026-04-22T16:42:40.909Z" },
]

[[package]]
name = "iptv"
version = "0.0.4"
source = { virtual = "." }
dependencies = [
    { name = "httpx", extra = ["http2"] },
    { name = "playwright" },
    { name = "pytz" },
    { name = "selectolax" },
]

[package.metadata]
requires-dist = [
    { name = "httpx", extras = ["http2"], specifier = ">=0.28.1" },
    { name = "playwright", specifier = ">=1.58.0" },
    { name = "pytz", specifier = ">=2026.1" },
    { name = "selectolax", specifier = ">=0.4.7" },
]

[[package]]
name = "playwright"
version = "1.58.0"
source = { registry = "https://pypi.org/simple" }
dependencies = [
    { name = "greenlet" },
    { name = "pyee" },
]
wheels = [
    { url = "https://files.pythonhosted.org/packages/f8/c9/9c6061d5703267f1baae6a4647bfd1862e386fbfdb97d889f6f6ae9e3f64/playwright-1.58.0-py3-none-macosx_10_13_x86_64.whl", hash = "sha256:96e3204aac292ee639edbfdef6298b4be2ea0a55a16b7068df91adac077cc606", size = 42251098, upload-time = "2026-01-30T15:09:24.028Z" },
    { url = "https://files.pythonhosted.org/packages/e0/40/59d34a756e02f8c670f0fee987d46f7ee53d05447d43cd114ca015cb168c/playwright-1.58.0-py3-none-macosx_11_0_arm64.whl", hash = "sha256:70c763694739d28df71ed578b9c8202bb83e8fe8fb9268c04dd13afe36301f71", size = 41039625, upload-time = "2026-01-30T15:09:27.558Z" },
    { url = "https://files.pythonhosted.org/packages/e1/ee/3ce6209c9c74a650aac9028c621f357a34ea5cd4d950700f8e2c4b7fe2c4/playwright-1.58.0-py3-none-macosx_11_0_universal2.whl", hash = "sha256:185e0132578733d02802dfddfbbc35f42be23a45ff49ccae5081f25952238117", size = 42251098, upload-time = "2026-01-30T15:09:30.461Z" },
    { url = "https://files.pythonhosted.org/packages/f1/af/009958cbf23fac551a940d34e3206e6c7eed2b8c940d0c3afd1feb0b0589/playwright-1.58.0-py3-none-manylinux1_x86_64.whl", hash = "sha256:c95568ba1eda83812598c1dc9be60b4406dffd60b149bc1536180ad108723d6b", size = 46235268, upload-time = "2026-01-30T15:09:33.787Z" },
    { url = "https://files.pythonhosted.org/packages/d9/a6/0e66ad04b6d3440dae73efb39540c5685c5fc95b17c8b29340b62abbd952/playwright-1.58.0-py3-none-manylinux_2_17_aarch64.manylinux2014_aarch64.whl", hash = "sha256:8f9999948f1ab541d98812de25e3a8c410776aa516d948807140aff797b4bffa", size = 45964214, upload-time = "2026-01-30T15:09:36.751Z" },
    { url = "https://files.pythonhosted.org/packages/0e/4b/236e60ab9f6d62ed0fd32150d61f1f494cefbf02304c0061e78ed80c1c32/playwright-1.58.0-py3-none-win32.whl", hash = "sha256:1e03be090e75a0fabbdaeab65ce17c308c425d879fa48bb1d7986f96bfad0b99", size = 36815998, upload-time = "2026-01-30T15:09:39.627Z" },
    { url = "https://files.pythonhosted.org/packages/41/f8/5ec599c5e59d2f2f336a05b4f318e733077cd5044f24adb6f86900c3e6a7/playwright-1.58.0-py3-none-win_amd64.whl", hash = "sha256:a2bf639d0ce33b3ba38de777e08697b0d8f3dc07ab6802e4ac53fb65e3907af8", size = 36816005, upload-time = "2026-01-30T15:09:42.449Z" },
    { url = "https://files.pythonhosted.org/packages/c8/c4/cc0229fea55c87d6c9c67fe44a21e2cd28d1d558a5478ed4d617e9fb0c93/playwright-1.58.0-py3-none-win_arm64.whl", hash = "sha256:32ffe5c303901a13a0ecab91d1c3f74baf73b84f4bedbb6b935f5bc11cc98e1b", size = 33085919, upload-time = "2026-01-30T15:09:45.71Z" },
]

[[package]]
name = "pyee"
version = "13.0.1"
source = { registry = "https://pypi.org/simple" }
dependencies = [
    { name = "typing-extensions" },
]
sdist = { url = "https://files.pythonhosted.org/packages/8b/04/e7c1fe4dc78a6fdbfd6c337b1c3732ff543b8a397683ab38378447baa331/pyee-13.0.1.tar.gz", hash = "sha256:0b931f7c14535667ed4c7e0d531716368715e860b988770fc7eb8578d1f67fc8", size = 31655, upload-time = "2026-02-14T21:12:28.044Z" }
wheels = [
    { url = "https://files.pythonhosted.org/packages/a0/c4/b4d4827c93ef43c01f599ef31453ccc1c132b353284fc6c87d535c233129/pyee-13.0.1-py3-none-any.whl", hash = "sha256:af2f8fede4171ef667dfded53f96e2ed0d6e6bd7ee3bb46437f77e3b57689228", size = 15659, upload-time = "2026-02-14T21:12:26.263Z" },
]

[[package]]
name = "pytz"
version = "2026.1.post1"
source = { registry = "https://pypi.org/simple" }
sdist = { url = "https://files.pythonhosted.org/packages/56/db/b8721d71d945e6a8ac63c0fc900b2067181dbb50805958d4d4661cf7d277/pytz-2026.1.post1.tar.gz", hash = "sha256:3378dde6a0c3d26719182142c56e60c7f9af7e968076f31aae569d72a0358ee1", size = 321088, upload-time = "2026-03-03T07:47:50.683Z" }
wheels = [
    { url = "https://files.pythonhosted.org/packages/10/99/781fe0c827be2742bcc775efefccb3b048a3a9c6ce9aec0cbf4a101677e5/pytz-2026.1.post1-py2.py3-none-any.whl", hash = "sha256:f2fd16142fda348286a75e1a524be810bb05d444e5a081f37f7affc635035f7a", size = 510489, upload-time = "2026-03-03T07:47:49.167Z" },
]

[[package]]
name = "selectolax"
version = "0.4.7"
source = { registry = "https://pypi.org/simple" }
sdist = { url = "https://files.pythonhosted.org/packages/3b/5c/bf049c4aec4c102977abcac68a90dfb1031edc225e9a754fe2c7e624a2d2/selectolax-0.4.7.tar.gz", hash = "sha256:17f7ba5a21714d450b4eea0451608a36be2bba8d327990ddbda812eb3f36fa51", size = 4822635, upload-time = "2026-03-06T09:25:15.411Z" }
wheels = [
    { url = "https://files.pythonhosted.org/packages/a4/6b/3409a8fd1d217f3449742e86fffe6e29d3f5f9a969a8a6121b1002f377fb/selectolax-0.4.7-cp311-cp311-macosx_10_9_x86_64.whl", hash = "sha256:48d95f3bbe37caa6fe341992ac7b4fb5b7efad1ed8bd939af67b6be0ccd5634e", size = 2062822, upload-time = "2026-03-06T09:23:50.634Z" },
    { url = "https://files.pythonhosted.org/packages/45/b3/ea286b3e89b56d55995927f8fa01cc01b985a14bb7f0c572f06db051c33e/selectolax-0.4.7-cp311-cp311-macosx_11_0_arm64.whl", hash = "sha256:f222827fef20c142131f1948bc08ebf1c9f3294c79bca8fa9c0a71e234be7b2f", size = 2059566, upload-time = "2026-03-06T09:23:52.274Z" },
    { url = "https://files.pythonhosted.org/packages/e2/e0/8014f221b5ae3a3b1dbd915318cb01ee37e31f29a4cce088b39baab4a59d/selectolax-0.4.7-cp311-cp311-manylinux2014_aarch64.manylinux_2_17_aarch64.manylinux_2_28_aarch64.whl", hash = "sha256:4cc5c190277ff34f2e42be473ec5947ad5d87c07a072e25d0701c03b7ceb5b12", size = 2253634, upload-time = "2026-03-06T09:23:53.959Z" },
    { url = "https://files.pythonhosted.org/packages/17/f8/3c15c68b5cd2126cdadb9c47dd8931330d0ef40d64533fed3460feb8a9e8/selectolax-0.4.7-cp311-cp311-manylinux2014_x86_64.manylinux_2_17_x86_64.manylinux_2_28_x86_64.whl", hash = "sha256:26e24768ce86d376b50d311c1bdf54c5445139ac90cc5d955a7703402d2e2f7c", size = 2289548, upload-time = "2026-03-06T09:23:55.295Z" },
    { url = "https://files.pythonhosted.org/packages/5c/da/6d068419854eff6a83247804e358ef3abaa62815adac61f329583a992ab3/selectolax-0.4.7-cp311-cp311-musllinux_1_2_aarch64.whl", hash = "sha256:50a668ede8d3f2dbe872c2713a28348e9e3e154a49118b898568243bfb356c96", size = 2265394, upload-time = "2026-03-06T09:23:56.916Z" },
    { url = "https://files.pythonhosted.org/packages/94/cb/8dbecbacf55d55dd5cfe046a4d943ae1df979a96a7a407ee7d8c277976d5/selectolax-0.4.7-cp311-cp311-musllinux_1_2_x86_64.whl", hash = "sha256:5fb1c01d39570f0990e8e2a2037e3f0cf8d193da6ea9ca1936d5818d5cf6a260", size = 2296276, upload-time = "2026-03-06T09:23:58.689Z" },
    { url = "https://files.pythonhosted.org/packages/53/09/6dff1dcf77f762f3b088b63d6bc6ce15ce649066019e508031c140d483af/selectolax-0.4.7-cp311-cp311-win32.whl", hash = "sha256:8ca0af7156315d9193fac699e8e4c3281ea6dccc6262eed33b32001a633e57a9", size = 1740823, upload-time = "2026-03-06T09:24:00.367Z" },
    { url = "https://files.pythonhosted.org/packages/93/d8/2b8ff4f2cef4236ffc3bdf1c500517fddf9b0cf9d4db20d1d01a6c49a128/selectolax-0.4.7-cp311-cp311-win_amd64.whl", hash = "sha256:d322e725e0c575cacc8ba2f0041fb8405dc3932bff9073a563f568c6ef3a217b", size = 1836333, upload-time = "2026-03-06T09:24:02.066Z" },
    { url = "https://files.pythonhosted.org/packages/d5/cd/6a1989b9866430ad358865020e82e5aeb16a813df92455d4fd8608e27cae/selectolax-0.4.7-cp311-cp311-win_arm64.whl", hash = "sha256:3e3dac7de3864701a18cd6c4806d07944a5a48d1db2f107a0ce8531f72881462", size = 1791761, upload-time = "2026-03-06T09:24:03.546Z" },
    { url = "https://files.pythonhosted.org/packages/1f/1d/8d3db7dcc053f7f4088a826f9089324c7b37617f9caaf6a03f0ff5854bbd/selectolax-0.4.7-cp312-cp312-macosx_10_13_x86_64.whl", hash = "sha256:8fa541a520cc6213d754ec747ebbff12fdcc5b9f6bb7615784486e18697209fb", size = 2059304, upload-time = "2026-03-06T09:24:04.861Z" },
    { url = "https://files.pythonhosted.org/packages/42/64/de442c5056aa4f42d140556a8093bfadee72545919384cf38d6f651b75b0/selectolax-0.4.7-cp312-cp312-macosx_11_0_arm64.whl", hash = "sha256:2a0e9b1e3b1d091a0133b44b3967c79db8de73d99efe38af85bab615775aa4e8", size = 2057450, upload-time = "2026-03-06T09:24:06.25Z" },
    { url = "https://files.pythonhosted.org/packages/e4/42/969e084f59c845fbb304d55f8e3899ffe823f3cd78d85d083edffe772766/selectolax-0.4.7-cp312-cp312-manylinux2014_aarch64.manylinux_2_17_aarch64.manylinux_2_28_aarch64.whl", hash = "sha256:7134b119c011e18d1e914d5adbb8f953e391649b4af734fcec61dad691a16f59", size = 2251180, upload-time = "2026-03-06T09:24:07.536Z" },
    { url = "https://files.pythonhosted.org/packages/e9/1b/d8f84cb6385637cd793aad3a53618d3ee1b4329e0feb0f4db7a7f81af4da/selectolax-0.4.7-cp312-cp312-manylinux2014_x86_64.manylinux_2_17_x86_64.manylinux_2_28_x86_64.whl", hash = "sha256:3840b79f5f39744b95dc80e3b428cf4e49b86d8c6e9cbb3e7df3e702bf240cce", size = 2292532, upload-time = "2026-03-06T09:24:08.896Z" },
    { url = "https://files.pythonhosted.org/packages/85/54/15c3b5d94cf969748ffcca7289245d477ef69ce30a359c5a764b0bc2226e/selectolax-0.4.7-cp312-cp312-musllinux_1_2_aarch64.whl", hash = "sha256:eb6faf15e6cc6a7c61c04e15c3490e3f6693c98f732e531941687093de36db81", size = 2263969, upload-time = "2026-03-06T09:24:10.556Z" },
    { url = "https://files.pythonhosted.org/packages/e2/4f/fa4125a9a92b2a15a3b332592270e003e9092bb97c3d6c3a7f2714b4c507/selectolax-0.4.7-cp312-cp312-musllinux_1_2_x86_64.whl", hash = "sha256:3799b39d60266f7d4c48f322fac8eaecc6dec38f4342d6d3b17085d11815bcb4", size = 2298497, upload-time = "2026-03-06T09:24:11.919Z" },
    { url = "https://files.pythonhosted.org/packages/dd/9d/fef3b7d4f8da87762574ea20ff9612485639d6b0a9b7d3839738d8ced105/selectolax-0.4.7-cp312-cp312-win32.whl", hash = "sha256:88344c8764f3a2fbcae2fd2353201c330920943c2da34a16e9b063f918deb7d6", size = 1735965, upload-time = "2026-03-06T09:24:13.407Z" },
    { url = "https://files.pythonhosted.org/packages/31/25/5b893677a0acfc579d9ccb3f01204c4554ba533db5c144cc3b18e33e347b/selectolax-0.4.7-cp312-cp312-win_amd64.whl", hash = "sha256:00953c3c6a7e4dfd990a5651315b713d50131706c239c1f1c5b6d4a75a11975a", size = 1833805, upload-time = "2026-03-06T09:24:14.726Z" },
    { url = "https://files.pythonhosted.org/packages/63/ad/bb94f409f33871b6d9b3b4d56fb82d14d9b2fd2e7657f32c25a35167187e/selectolax-0.4.7-cp312-cp312-win_arm64.whl", hash = "sha256:e6b8d0f7cbdc6ca5cbf52dbd37f70c170184040499ac59a23409724724276784", size = 1783620, upload-time = "2026-03-06T09:24:16.062Z" },
    { url = "https://files.pythonhosted.org/packages/d2/6b/238c03a1be1aa73c5392026ae4efbcf9f8356bb5a07dda1134f07d33e78c/selectolax-0.4.7-cp313-cp313-macosx_10_13_x86_64.whl", hash = "sha256:fb8f169511f037b662dac1a0e27cff30f4317f9aa30af2e37c8a37c3ca8c7e3c", size = 2058636, upload-time = "2026-03-06T09:24:17.787Z" },
    { url = "https://files.pythonhosted.org/packages/f3/44/22e433b7dc31ff83574051dd9951175bcd0e36b56c0e25cb277929e77ecb/selectolax-0.4.7-cp313-cp313-macosx_11_0_arm64.whl", hash = "sha256:feaea6ac95da2fa137abad3c1ae13596bffed44c8e2bfa7802f89a37a1e5e39a", size = 2056263, upload-time = "2026-03-06T09:24:19.51Z" },
    { url = "https://files.pythonhosted.org/packages/af/95/05f264c622d0f0839954d0f197d420cffe5723354521b6ce543d32b272a1/selectolax-0.4.7-cp313-cp313-manylinux2014_aarch64.manylinux_2_17_aarch64.manylinux_2_28_aarch64.whl", hash = "sha256:fdc5ec34ccce3a691e1664a14bf0f40ad6a41117e5de88e85d8ac8e68a7ea8bd", size = 2247850, upload-time = "2026-03-06T09:24:21.28Z" },
    { url = "https://files.pythonhosted.org/packages/59/24/324a271f7ef49786d7bed5674e23718504fe996866e23c75f91ac06c3bfa/selectolax-0.4.7-cp313-cp313-manylinux2014_x86_64.manylinux_2_17_x86_64.manylinux_2_28_x86_64.whl", hash = "sha256:1a7016db9c55ae541f1669a3433aee03fc0a1111d70c84aa5636a5a6b9499854", size = 2287889, upload-time = "2026-03-06T09:24:23.948Z" },
    { url = "https://files.pythonhosted.org/packages/91/b0/779ab6c428be5cf53ebae1bc2539ebe9df9d8b76e2f9810f107a0338800e/selectolax-0.4.7-cp313-cp313-musllinux_1_2_aarch64.whl", hash = "sha256:d3da9e1609cefc9bb403f62c2b03d2f5622cbe3057c2f06e308a29fad8ae5654", size = 2261143, upload-time = "2026-03-06T09:24:25.552Z" },
    { url = "https://files.pythonhosted.org/packages/b6/c2/34b132d14922b7d8dbb50d0b487d22aeb7af8a47421baaf05f2cc1cc2dbd/selectolax-0.4.7-cp313-cp313-musllinux_1_2_x86_64.whl", hash = "sha256:9c70be8f4154a80b8d435bcc3217c04a82f928849fa2f6acd554d24c5b911db6", size = 2293796, upload-time = "2026-03-06T09:24:26.974Z" },
    { url = "https://files.pythonhosted.org/packages/24/67/6ba2b7140d7e92a3a0f815ac6c8001171973248a9f27206b339019e0b288/selectolax-0.4.7-cp313-cp313-win32.whl", hash = "sha256:df8a8db519484c868839f1d36be720feeb228c8f75cf7b745e325db183b319c6", size = 1735965, upload-time = "2026-03-06T09:24:28.463Z" },
    { url = "https://files.pythonhosted.org/packages/6c/1c/d22cbd6c5828a59addd42626c22b2afb3422bfce59cf88d15095da05243f/selectolax-0.4.7-cp313-cp313-win_amd64.whl", hash = "sha256:5a613760d2b890d7befd2e585a37dd0bdae9e23eee0cacb15d24adb83232c94e", size = 1834806, upload-time = "2026-03-06T09:24:29.875Z" },
    { url = "https://files.pythonhosted.org/packages/59/d7/d2206d9f38a534b4fc4383c7dd427ba0b927075c96881274a60978411723/selectolax-0.4.7-cp313-cp313-win_arm64.whl", hash = "sha256:7cbd1143920b7bd1b80e092d5a16c97fdc741b0325a42862f20edcb55ab493e8", size = 1783517, upload-time = "2026-03-06T09:24:31.843Z" },
    { url = "https://files.pythonhosted.org/packages/35/5a/76f9ee49b4bbb27ebe2d3b26ad84b6887f41d181dd8682278ccea50ed75f/selectolax-0.4.7-cp314-cp314-macosx_10_13_x86_64.whl", hash = "sha256:9f29ad4506fe84152391998ae5b05aaae80d237795567009a518496d0daf4908", size = 2078520, upload-time = "2026-03-06T09:24:33.283Z" },
    { url = "https://files.pythonhosted.org/packages/d6/7d/bcc37be0537802f8d94e61d30f4d36130afa2ae2fa59758b534e4bbe80e7/selectolax-0.4.7-cp314-cp314-macosx_11_0_arm64.whl", hash = "sha256:2f19bb52c27f526d89383ec178daa31fcb93dbec90106bfb3e2d43c2970f3b72", size = 2076219, upload-time = "2026-03-06T09:24:34.802Z" },
    { url = "https://files.pythonhosted.org/packages/1a/4c/544385da484f6a3b8ba70ea4ad15a121adb0cf2b55b74f2560b8e01f44cc/selectolax-0.4.7-cp314-cp314-manylinux2014_aarch64.manylinux_2_17_aarch64.manylinux_2_28_aarch64.whl", hash = "sha256:5a6735711f492532a83df6d501e8647feea48d893e703f0354e61ba868757f9b", size = 2255094, upload-time = "2026-03-06T09:24:36.708Z" },
    { url = "https://files.pythonhosted.org/packages/f7/e7/bbb13633f4378dbc390c874be4321fd4d09388a44b66f1c26625730030ba/selectolax-0.4.7-cp314-cp314-manylinux2014_x86_64.manylinux_2_17_x86_64.manylinux_2_28_x86_64.whl", hash = "sha256:ea46dbb3592ec0aa78662ecdcac8c083313dafbc6bd8277620b8301db658d638", size = 2289342, upload-time = "2026-03-06T09:24:38.429Z" },
    { url = "https://files.pythonhosted.org/packages/77/1b/c1fc7711ad8b1c3b60a987fa258d47cb93a8b3b9f21ca8a6aa24e5e7705c/selectolax-0.4.7-cp314-cp314-musllinux_1_2_aarch64.whl", hash = "sha256:a4782cc1e162ca422a325302cdad344cd853cfde19004b870e5b6c3df651abab", size = 2285919, upload-time = "2026-03-06T09:24:39.927Z" },
    { url = "https://files.pythonhosted.org/packages/fa/51/d5f8bc697c84bdae90c6d5fd038662d3509879c28f2076ef70fdbd0ab61a/selectolax-0.4.7-cp314-cp314-musllinux_1_2_x86_64.whl", hash = "sha256:8e7f847b38195c45f6f6c966df5d8600ab9d522df632d61b28db2edd92deeb3c", size = 2313967, upload-time = "2026-03-06T09:24:41.627Z" },
    { url = "https://files.pythonhosted.org/packages/d9/01/277d3c3fa5d3c669bf8d20bd12fcde50258408dc4bd9e3f8c5fc2d28fcd6/selectolax-0.4.7-cp314-cp314-win32.whl", hash = "sha256:eaf2e15076fa7e2e5fe7c3b5a88e54b14bbd49a53da983534f6cb448f3f0e300", size = 1846621, upload-time = "2026-03-06T09:24:43.074Z" },
    { url = "https://files.pythonhosted.org/packages/52/c6/5b4ae2b211161b597cc6bc02e517616d045a859dbfa98b2c0dd372614bf9/selectolax-0.4.7-cp314-cp314-win_amd64.whl", hash = "sha256:87bd651514491b9bdd8254e71295e43b790575021b87ebc2351ed6a2aeaa9313", size = 1943489, upload-time = "2026-03-06T09:24:45.049Z" },
    { url = "https://files.pythonhosted.org/packages/4a/c6/ab1544bbc731e653dd59dcb4f497fccbede8c84af3783c4f340ef1d6b606/selectolax-0.4.7-cp314-cp314-win_arm64.whl", hash = "sha256:771710fe52b082804d959944e3e0fe67f094ea1bf81669b4f654b957a7490d95", size = 1896489, upload-time = "2026-03-06T09:24:46.496Z" },
    { url = "https://files.pythonhosted.org/packages/83/77/59593bfd132f6af138720c09cae3f0969d3f5366e3457c5309ab9c020d92/selectolax-0.4.7-cp314-cp314t-macosx_10_13_x86_64.whl", hash = "sha256:8edbec5ad8a51cb60e6761231d88d34ed3a8158db3ae1f448aede2d146111d0f", size = 2098945, upload-time = "2026-03-06T09:24:47.935Z" },
    { url = "https://files.pythonhosted.org/packages/7d/74/90d0718b9f7898aa422ae5f9969fb43b3c5abc543cfd4eb64987aa052fe4/selectolax-0.4.7-cp314-cp314t-macosx_11_0_arm64.whl", hash = "sha256:2c275e5e5579e308a09ae77922c468a8ca63666534d00a42ebfd912f3c842a2e", size = 2098041, upload-time = "2026-03-06T09:24:49.377Z" },
    { url = "https://files.pythonhosted.org/packages/f9/bc/bbe7c98a3eb4b83e164c56a3245a272427b2d03672a18456bd96325a1929/selectolax-0.4.7-cp314-cp314t-manylinux2014_aarch64.manylinux_2_17_aarch64.manylinux_2_28_aarch64.whl", hash = "sha256:d9591ec48af16003a79db89f070688fe0fb68d2c16ac6b479b0ee8b78eb4e486", size = 2263047, upload-time = "2026-03-06T09:24:50.743Z" },
    { url = "https://files.pythonhosted.org/packages/de/0e/5929821c7f7a9c9a753feef59433ba16a0ca8e5f8f7ac0efa2dea6a84edf/selectolax-0.4.7-cp314-cp314t-manylinux2014_x86_64.manylinux_2_17_x86_64.manylinux_2_28_x86_64.whl", hash = "sha256:fc504cad873bc4e95fca9141008ccf0d5e44350dfe450b71ccee86bd0b7b0572", size = 2290751, upload-time = "2026-03-06T09:24:52.088Z" },
    { url = "https://files.pythonhosted.org/packages/34/30/3426668e83dcaf7f8fac3117140119556436e8de00de4ebbfde5bbf56d45/selectolax-0.4.7-cp314-cp314t-musllinux_1_2_aarch64.whl", hash = "sha256:64de787422ad342b35fef86e488d8b76d70fc3266cb74dfc154d4a89291c62b1", size = 2297728, upload-time = "2026-03-06T09:24:53.494Z" },
    { url = "https://files.pythonhosted.org/packages/48/a7/a1937960cf98bf3cdc32963fb3ed30ee6364cf8e4c458bba21ca8cf98308/selectolax-0.4.7-cp314-cp314t-musllinux_1_2_x86_64.whl", hash = "sha256:eb2757147ba48c2ac75ad79ad47e4b4d9e7ddb08ac614b90347cdff6b98c860b", size = 2315531, upload-time = "2026-03-06T09:24:54.929Z" },
    { url = "https://files.pythonhosted.org/packages/8a/64/1f699580093cc0582c07124137bdb78162086d7ef822dabbad2a2b051793/selectolax-0.4.7-cp314-cp314t-win32.whl", hash = "sha256:da9afa778ebce19c48de1e6fe5ff5bf7c719cd7f9cd14e5d530bd00ec15b149f", size = 1900408, upload-time = "2026-03-06T09:24:56.294Z" },
    { url = "https://files.pythonhosted.org/packages/26/df/1035432c42eb76feaf696b7318411be908dab01b5b2907566c820d390fdb/selectolax-0.4.7-cp314-cp314t-win_amd64.whl", hash = "sha256:ad71d3b31ceb49820787d19d983e2851835ad03bbfd302c6e243a97215e36557", size = 2011199, upload-time = "2026-03-06T09:24:57.736Z" },
    { url = "https://files.pythonhosted.org/packages/61/99/d4de702bdd436e108891df2105adb7c6f44a11833a88c08686b18d4a6693/selectolax-0.4.7-cp314-cp314t-win_arm64.whl", hash = "sha256:85e4ada1c4a3a69e503c9866e74bce24e716bd0ada060c7c2b56677d4f073928", size = 1915624, upload-time = "2026-03-06T09:24:59.406Z" },
]

[[package]]
name = "typing-extensions"
version = "4.15.0"
source = { registry = "https://pypi.org/simple" }
sdist = { url = "https://files.pythonhosted.org/packages/72/94/1a15dd82efb362ac84269196e94cf00f187f7ed21c242792a923cdb1c61f/typing_extensions-4.15.0.tar.gz", hash = "sha256:0cea48d173cc12fa28ecabc3b837ea3cf6f38c6d1136f85cbaaf598984861466", size = 109391, upload-time = "2025-08-25T13:49:26.313Z" }
wheels = [
    { url = "https://files.pythonhosted.org/packages/18/67/36e9267722cc04a6b9f15c7f3441c2363321a3ea07da7ae0c0707beb2a9c/typing_extensions-4.15.0-py3-none-any.whl", hash = "sha256:f0fa19c6845758ab08074a0cfa8b7aecb71c999ca73d62883bc25cc018c4e548", size = 44614, upload-time = "2025-08-25T13:49:24.86Z" },
]
